// !$*UTF8*$!
{
	archiveVersion = 1;
	classes = {
	};
	objectVersion = 56;
	objects = {

/* Begin PBXBuildFile section */
		00C0A158292C129100397FD5 /* AppDelegate.swift in Sources */ = {isa = PBXBuildFile; fileRef = 00C0A157292C129100397FD5 /* AppDelegate.swift */; };
		00C0A15A292C129100397FD5 /* SceneDelegate.swift in Sources */ = {isa = PBXBuildFile; fileRef = 00C0A159292C129100397FD5 /* SceneDelegate.swift */; };
		00C0A15C292C129100397FD5 /* ViewController.swift in Sources */ = {isa = PBXBuildFile; fileRef = 00C0A15B292C129100397FD5 /* ViewController.swift */; };
		00C0A15F292C129100397FD5 /* Main.storyboard in Resources */ = {isa = PBXBuildFile; fileRef = 00C0A15D292C129100397FD5 /* Main.storyboard */; };
		00C0A161292C129300397FD5 /* Assets.xcassets in Resources */ = {isa = PBXBuildFile; fileRef = 00C0A160292C129300397FD5 /* Assets.xcassets */; };
		00C0A164292C129300397FD5 /* LaunchScreen.storyboard in Resources */ = {isa = PBXBuildFile; fileRef = 00C0A162292C129300397FD5 /* LaunchScreen.storyboard */; };
		00C0A16C292C12E900397FD5 /* DetailViewController.swift in Sources */ = {isa = PBXBuildFile; fileRef = 00C0A16B292C12E900397FD5 /* DetailViewController.swift */; };
		00C0A186292C141A00397FD5 /* spain@2x.png in Resources */ = {isa = PBXBuildFile; fileRef = 00C0A16E292C141A00397FD5 /* spain@2x.png */; };
		00C0A187292C141A00397FD5 /* nigeria@2x.png in Resources */ = {isa = PBXBuildFile; fileRef = 00C0A16F292C141A00397FD5 /* nigeria@2x.png */; };
		00C0A188292C141A00397FD5 /* nigeria@3x.png in Resources */ = {isa = PBXBuildFile; fileRef = 00C0A170292C141A00397FD5 /* nigeria@3x.png */; };
		00C0A189292C141A00397FD5 /* spain@3x.png in Resources */ = {isa = PBXBuildFile; fileRef = 00C0A171292C141A00397FD5 /* spain@3x.png */; };
		00C0A18A292C141A00397FD5 /* italy@3x.png in Resources */ = {isa = PBXBuildFile; fileRef = 00C0A172292C141A00397FD5 /* italy@3x.png */; };
		00C0A18B292C141A00397FD5 /* ireland@2x.png in Resources */ = {isa = PBXBuildFile; fileRef = 00C0A173292C141A00397FD5 /* ireland@2x.png */; };
		00C0A18C292C141A00397FD5 /* germany@3x.png in Resources */ = {isa = PBXBuildFile; fileRef = 00C0A174292C141A00397FD5 /* germany@3x.png */; };
		00C0A18D292C141A00397FD5 /* germany@2x.png in Resources */ = {isa = PBXBuildFile; fileRef = 00C0A175292C141A00397FD5 /* germany@2x.png */; };
		00C0A18E292C141A00397FD5 /* ireland@3x.png in Resources */ = {isa = PBXBuildFile; fileRef = 00C0A176292C141A00397FD5 /* ireland@3x.png */; };
		00C0A18F292C141A00397FD5 /* italy@2x.png in Resources */ = {isa = PBXBuildFile; fileRef = 00C0A177292C141A00397FD5 /* italy@2x.png */; };
		00C0A190292C141A00397FD5 /* poland@2x.png in Resources */ = {isa = PBXBuildFile; fileRef = 00C0A178292C141A00397FD5 /* poland@2x.png */; };
		00C0A191292C141A00397FD5 /* russia@2x.png in Resources */ = {isa = PBXBuildFile; fileRef = 00C0A179292C141A00397FD5 /* russia@2x.png */; };
		00C0A192292C141A00397FD5 /* estonia@2x.png in Resources */ = {isa = PBXBuildFile; fileRef = 00C0A17A292C141A00397FD5 /* estonia@2x.png */; };
		00C0A193292C141A00397FD5 /* estonia@3x.png in Resources */ = {isa = PBXBuildFile; fileRef = 00C0A17B292C141A00397FD5 /* estonia@3x.png */; };
		00C0A194292C141A00397FD5 /* russia@3x.png in Resources */ = {isa = PBXBuildFile; fileRef = 00C0A17C292C141A00397FD5 /* russia@3x.png */; };
		00C0A195292C141A00397FD5 /* poland@3x.png in Resources */ = {isa = PBXBuildFile; fileRef = 00C0A17D292C141A00397FD5 /* poland@3x.png */; };
		00C0A196292C141A00397FD5 /* uk@3x.png in Resources */ = {isa = PBXBuildFile; fileRef = 00C0A17E292C141A00397FD5 /* uk@3x.png */; };
		00C0A197292C141A00397FD5 /* us@3x.png in Resources */ = {isa = PBXBuildFile; fileRef = 00C0A17F292C141A00397FD5 /* us@3x.png */; };
		00C0A198292C141A00397FD5 /* france@3x.png in Resources */ = {isa = PBXBuildFile; fileRef = 00C0A180292C141A00397FD5 /* france@3x.png */; };
		00C0A199292C141A00397FD5 /* monaco@2x.png in Resources */ = {isa = PBXBuildFile; fileRef = 00C0A181292C141A00397FD5 /* monaco@2x.png */; };
		00C0A19A292C141A00397FD5 /* monaco@3x.png in Resources */ = {isa = PBXBuildFile; fileRef = 00C0A182292C141A00397FD5 /* monaco@3x.png */; };
		00C0A19B292C141A00397FD5 /* france@2x.png in Resources */ = {isa = PBXBuildFile; fileRef = 00C0A183292C141A00397FD5 /* france@2x.png */; };
		00C0A19C292C141A00397FD5 /* us@2x.png in Resources */ = {isa = PBXBuildFile; fileRef = 00C0A184292C141A00397FD5 /* us@2x.png */; };
		00C0A19D292C141A00397FD5 /* uk@2x.png in Resources */ = {isa = PBXBuildFile; fileRef = 00C0A185292C141A00397FD5 /* uk@2x.png */; };
/* End PBXBuildFile section */

/* Begin PBXFileReference section */
		00C0A154292C129100397FD5 /* Challenge App.app */ = {isa = PBXFileReference; explicitFileType = wrapper.application; includeInIndex = 0; path = "Challenge App.app"; sourceTree = BUILT_PRODUCTS_DIR; };
		00C0A157292C129100397FD5 /* AppDelegate.swift */ = {isa = PBXFileReference; lastKnownFileType = sourcecode.swift; path = AppDelegate.swift; sourceTree = "<group>"; };
		00C0A159292C129100397FD5 /* SceneDelegate.swift */ = {isa = PBXFileReference; lastKnownFileType = sourcecode.swift; path = SceneDelegate.swift; sourceTree = "<group>"; };
		00C0A15B292C129100397FD5 /* ViewController.swift */ = {isa = PBXFileReference; lastKnownFileType = sourcecode.swift; path = ViewController.swift; sourceTree = "<group>"; };
		00C0A15E292C129100397FD5 /* Base */ = {isa = PBXFileReference; lastKnownFileType = file.storyboard; name = Base; path = Base.lproj/Main.storyboard; sourceTree = "<group>"; };
		00C0A160292C129300397FD5 /* Assets.xcassets */ = {isa = PBXFileReference; lastKnownFileType = folder.assetcatalog; path = Assets.xcassets; sourceTree = "<group>"; };
		00C0A163292C129300397FD5 /* Base */ = {isa = PBXFileReference; lastKnownFileType = file.storyboard; name = Base; path = Base.lproj/LaunchScreen.storyboard; sourceTree = "<group>"; };
		00C0A165292C129300397FD5 /* Info.plist */ = {isa = PBXFileReference; lastKnownFileType = text.plist.xml; path = Info.plist; sourceTree = "<group>"; };
		00C0A16B292C12E900397FD5 /* DetailViewController.swift */ = {isa = PBXFileReference; lastKnownFileType = sourcecode.swift; path = DetailViewController.swift; sourceTree = "<group>"; };
		00C0A16E292C141A00397FD5 /* spain@2x.png */ = {isa = PBXFileReference; lastKnownFileType = image.png; path = "spain@2x.png"; sourceTree = "<group>"; };
		00C0A16F292C141A00397FD5 /* nigeria@2x.png */ = {isa = PBXFileReference; lastKnownFileType = image.png; path = "nigeria@2x.png"; sourceTree = "<group>"; };
		00C0A170292C141A00397FD5 /* nigeria@3x.png */ = {isa = PBXFileReference; lastKnownFileType = image.png; path = "nigeria@3x.png"; sourceTree = "<group>"; };
		00C0A171292C141A00397FD5 /* spain@3x.png */ = {isa = PBXFileReference; lastKnownFileType = image.png; path = "spain@3x.png"; sourceTree = "<group>"; };
		00C0A172292C141A00397FD5 /* italy@3x.png */ = {isa = PBXFileReference; lastKnownFileType = image.png; path = "italy@3x.png"; sourceTree = "<group>"; };
		00C0A173292C141A00397FD5 /* ireland@2x.png */ = {isa = PBXFileReference; lastKnownFileType = image.png; path = "ireland@2x.png"; sourceTree = "<group>"; };
		00C0A174292C141A00397FD5 /* germany@3x.png */ = {isa = PBXFileReference; lastKnownFileType = image.png; path = "germany@3x.png"; sourceTree = "<group>"; };
		00C0A175292C141A00397FD5 /* germany@2x.png */ = {isa = PBXFileReference; lastKnownFileType = image.png; path = "germany@2x.png"; sourceTree = "<group>"; };
		00C0A176292C141A00397FD5 /* ireland@3x.png */ = {isa = PBXFileReference; lastKnownFileType = image.png; path = "ireland@3x.png"; sourceTree = "<group>"; };
		00C0A177292C141A00397FD5 /* italy@2x.png */ = {isa = PBXFileReference; lastKnownFileType = image.png; path = "italy@2x.png"; sourceTree = "<group>"; };
		00C0A178292C141A00397FD5 /* poland@2x.png */ = {isa = PBXFileReference; lastKnownFileType = image.png; path = "poland@2x.png"; sourceTree = "<group>"; };
		00C0A179292C141A00397FD5 /* russia@2x.png */ = {isa = PBXFileReference; lastKnownFileType = image.png; path = "russia@2x.png"; sourceTree = "<group>"; };
		00C0A17A292C141A00397FD5 /* estonia@2x.png */ = {isa = PBXFileReference; lastKnownFileType = image.png; path = "estonia@2x.png"; sourceTree = "<group>"; };
		00C0A17B292C141A00397FD5 /* estonia@3x.png */ = {isa = PBXFileReference; lastKnownFileType = image.png; path = "estonia@3x.png"; sourceTree = "<group>"; };
		00C0A17C292C141A00397FD5 /* russia@3x.png */ = {isa = PBXFileReference; lastKnownFileType = image.png; path = "russia@3x.png"; sourceTree = "<group>"; };
		00C0A17D292C141A00397FD5 /* poland@3x.png */ = {isa = PBXFileReference; lastKnownFileType = image.png; path = "poland@3x.png"; sourceTree = "<group>"; };
		00C0A17E292C141A00397FD5 /* uk@3x.png */ = {isa = PBXFileReference; lastKnownFileType = image.png; path = "uk@3x.png"; sourceTree = "<group>"; };
		00C0A17F292C141A00397FD5 /* us@3x.png */ = {isa = PBXFileReference; lastKnownFileType = image.png; path = "us@3x.png"; sourceTree = "<group>"; };
		00C0A180292C141A00397FD5 /* france@3x.png */ = {isa = PBXFileReference; lastKnownFileType = image.png; path = "france@3x.png"; sourceTree = "<group>"; };
		00C0A181292C141A00397FD5 /* monaco@2x.png */ = {isa = PBXFileReference; lastKnownFileType = image.png; path = "monaco@2x.png"; sourceTree = "<group>"; };
		00C0A182292C141A00397FD5 /* monaco@3x.png */ = {isa = PBXFileReference; lastKnownFileType = image.png; path = "monaco@3x.png"; sourceTree = "<group>"; };
		00C0A183292C141A00397FD5 /* france@2x.png */ = {isa = PBXFileReference; lastKnownFileType = image.png; path = "france@2x.png"; sourceTree = "<group>"; };
		00C0A184292C141A00397FD5 /* us@2x.png */ = {isa = PBXFileReference; lastKnownFileType = image.png; path = "us@2x.png"; sourceTree = "<group>"; };
		00C0A185292C141A00397FD5 /* uk@2x.png */ = {isa = PBXFileReference; lastKnownFileType = image.png; path = "uk@2x.png"; sourceTree = "<group>"; };
/* End PBXFileReference section */

/* Begin PBXFrameworksBuildPhase section */
		00C0A151292C129100397FD5 /* Frameworks */ = {
			isa = PBXFrameworksBuildPhase;
			buildActionMask = 2147483647;
			files = (
			);
			runOnlyForDeploymentPostprocessing = 0;
		};
/* End PBXFrameworksBuildPhase section */

/* Begin PBXGroup section */
		00C0A14B292C129100397FD5 = {
			isa = PBXGroup;
			children = (
				00C0A156292C129100397FD5 /* Challenge App */,
				00C0A155292C129100397FD5 /* Products */,
			);
			sourceTree = "<group>";
		};
		00C0A155292C129100397FD5 /* Products */ = {
			isa = PBXGroup;
			children = (
				00C0A154292C129100397FD5 /* Challenge App.app */,
			);
			name = Products;
			sourceTree = "<group>";
		};
		00C0A156292C129100397FD5 /* Challenge App */ = {
			isa = PBXGroup;
			children = (
				00C0A157292C129100397FD5 /* AppDelegate.swift */,
				00C0A159292C129100397FD5 /* SceneDelegate.swift */,
				00C0A15B292C129100397FD5 /* ViewController.swift */,
				00C0A16B292C12E900397FD5 /* DetailViewController.swift */,
				00C0A15D292C129100397FD5 /* Main.storyboard */,
				00C0A160292C129300397FD5 /* Assets.xcassets */,
				00C0A162292C129300397FD5 /* LaunchScreen.storyboard */,
				00C0A165292C129300397FD5 /* Info.plist */,
				00C0A16D292C141A00397FD5 /* project2-files */,
			);
			path = "Challenge App";
			sourceTree = "<group>";
		};
		00C0A16D292C141A00397FD5 /* project2-files */ = {
			isa = PBXGroup;
			children = (
				00C0A16E292C141A00397FD5 /* spain@2x.png */,
				00C0A16F292C141A00397FD5 /* nigeria@2x.png */,
				00C0A170292C141A00397FD5 /* nigeria@3x.png */,
				00C0A171292C141A00397FD5 /* spain@3x.png */,
				00C0A172292C141A00397FD5 /* italy@3x.png */,
				00C0A173292C141A00397FD5 /* ireland@2x.png */,
				00C0A174292C141A00397FD5 /* germany@3x.png */,
				00C0A175292C141A00397FD5 /* germany@2x.png */,
				00C0A176292C141A00397FD5 /* ireland@3x.png */,
				00C0A177292C141A00397FD5 /* italy@2x.png */,
				00C0A178292C141A00397FD5 /* poland@2x.png */,
				00C0A179292C141A00397FD5 /* russia@2x.png */,
				00C0A17A292C141A00397FD5 /* estonia@2x.png */,
				00C0A17B292C141A00397FD5 /* estonia@3x.png */,
				00C0A17C292C141A00397FD5 /* russia@3x.png */,
				00C0A17D292C141A00397FD5 /* poland@3x.png */,
				00C0A17E292C141A00397FD5 /* uk@3x.png */,
				00C0A17F292C141A00397FD5 /* us@3x.png */,
				00C0A180292C141A00397FD5 /* france@3x.png */,
				00C0A181292C141A00397FD5 /* monaco@2x.png */,
				00C0A182292C141A00397FD5 /* monaco@3x.png */,
				00C0A183292C141A00397FD5 /* france@2x.png */,
				00C0A184292C141A00397FD5 /* us@2x.png */,
				00C0A185292C141A00397FD5 /* uk@2x.png */,
			);
			path = "project2-files";
			sourceTree = "<group>";
		};
/* End PBXGroup section */

/* Begin PBXNativeTarget section */
		00C0A153292C129100397FD5 /* Challenge App */ = {
			isa = PBXNativeTarget;
			buildConfigurationList = 00C0A168292C129300397FD5 /* Build configuration list for PBXNativeTarget "Challenge App" */;
			buildPhases = (
				00C0A150292C129100397FD5 /* Sources */,
				00C0A151292C129100397FD5 /* Frameworks */,
				00C0A152292C129100397FD5 /* Resources */,
			);
			buildRules = (
			);
			dependencies = (
			);
			name = "Challenge App";
			productName = "Challenge App";
			productReference = 00C0A154292C129100397FD5 /* Challenge App.app */;
			productType = "com.apple.product-type.application";
		};
/* End PBXNativeTarget section */

/* Begin PBXProject section */
		00C0A14C292C129100397FD5 /* Project object */ = {
			isa = PBXProject;
			attributes = {
				BuildIndependentTargetsInParallel = 1;
				LastSwiftUpdateCheck = 1400;
				LastUpgradeCheck = 1400;
				TargetAttributes = {
					00C0A153292C129100397FD5 = {
						CreatedOnToolsVersion = 14.0.1;
					};
				};
			};
			buildConfigurationList = 00C0A14F292C129100397FD5 /* Build configuration list for PBXProject "Challenge App" */;
			compatibilityVersion = "Xcode 14.0";
			developmentRegion = en;
			hasScannedForEncodings = 0;
			knownRegions = (
				en,
				Base,
			);
			mainGroup = 00C0A14B292C129100397FD5;
			productRefGroup = 00C0A155292C129100397FD5 /* Products */;
			projectDirPath = "";
			projectRoot = "";
			targets = (
				00C0A153292C129100397FD5 /* Challenge App */,
			);
		};
/* End PBXProject section */

/* Begin PBXResourcesBuildPhase section */
		00C0A152292C129100397FD5 /* Resources */ = {
			isa = PBXResourcesBuildPhase;
			buildActionMask = 2147483647;
			files = (
				00C0A19A292C141A00397FD5 /* monaco@3x.png in Resources */,
				00C0A187292C141A00397FD5 /* nigeria@2x.png in Resources */,
				00C0A19C292C141A00397FD5 /* us@2x.png in Resources */,
				00C0A188292C141A00397FD5 /* nigeria@3x.png in Resources */,
				00C0A195292C141A00397FD5 /* poland@3x.png in Resources */,
				00C0A196292C141A00397FD5 /* uk@3x.png in Resources */,
				00C0A19B292C141A00397FD5 /* france@2x.png in Resources */,
				00C0A18F292C141A00397FD5 /* italy@2x.png in Resources */,
				00C0A186292C141A00397FD5 /* spain@2x.png in Resources */,
				00C0A18C292C141A00397FD5 /* germany@3x.png in Resources */,
				00C0A164292C129300397FD5 /* LaunchScreen.storyboard in Resources */,
				00C0A190292C141A00397FD5 /* poland@2x.png in Resources */,
				00C0A161292C129300397FD5 /* Assets.xcassets in Resources */,
				00C0A18A292C141A00397FD5 /* italy@3x.png in Resources */,
				00C0A193292C141A00397FD5 /* estonia@3x.png in Resources */,
				00C0A199292C141A00397FD5 /* monaco@2x.png in Resources */,
				00C0A15F292C129100397FD5 /* Main.storyboard in Resources */,
				00C0A18B292C141A00397FD5 /* ireland@2x.png in Resources */,
				00C0A18D292C141A00397FD5 /* germany@2x.png in Resources */,
				00C0A197292C141A00397FD5 /* us@3x.png in Resources */,
				00C0A189292C141A00397FD5 /* spain@3x.png in Resources */,
				00C0A191292C141A00397FD5 /* russia@2x.png in Resources */,
				00C0A192292C141A00397FD5 /* estonia@2x.png in Resources */,
				00C0A194292C141A00397FD5 /* russia@3x.png in Resources */,
				00C0A19D292C141A00397FD5 /* uk@2x.png in Resources */,
				00C0A198292C141A00397FD5 /* france@3x.png in Resources */,
				00C0A18E292C141A00397FD5 /* ireland@3x.png in Resources */,
			);
			runOnlyForDeploymentPostprocessing = 0;
		};
/* End PBXResourcesBuildPhase section */

/* Begin PBXSourcesBuildPhase section */
		00C0A150292C129100397FD5 /* Sources */ = {
			isa = PBXSourcesBuildPhase;
			buildActionMask = 2147483647;
			files = (
				00C0A15C292C129100397FD5 /* ViewController.swift in Sources */,
				00C0A158292C129100397FD5 /* AppDelegate.swift in Sources */,
				00C0A15A292C129100397FD5 /* SceneDelegate.swift in Sources */,
				00C0A16C292C12E900397FD5 /* DetailViewController.swift in Sources */,
			);
			runOnlyForDeploymentPostprocessing = 0;
		};
/* End PBXSourcesBuildPhase section */

/* Begin PBXVariantGroup section */
		00C0A15D292C129100397FD5 /* Main.storyboard */ = {
			isa = PBXVariantGroup;
			children = (
				00C0A15E292C129100397FD5 /* Base */,
			);
			name = Main.storyboard;
			sourceTree = "<group>";
		};
		00C0A162292C129300397FD5 /* LaunchScreen.storyboard */ = {
			isa = PBXVariantGroup;
			children = (
				00C0A163292C129300397FD5 /* Base */,
			);
			name = LaunchScreen.storyboard;
			sourceTree = "<group>";
		};
/* End PBXVariantGroup section */

/* Begin XCBuildConfiguration section */
		00C0A166292C129300397FD5 /* Debug */ = {
			isa = XCBuildConfiguration;
			buildSettings = {
				ALWAYS_SEARCH_USER_PATHS = NO;
				CLANG_ANALYZER_NONNULL = YES;
				CLANG_ANALYZER_NUMBER_OBJECT_CONVERSION = YES_AGGRESSIVE;
				CLANG_CXX_LANGUAGE_STANDARD = "gnu++20";
				CLANG_ENABLE_MODULES = YES;
				CLANG_ENABLE_OBJC_ARC = YES;
				CLANG_ENABLE_OBJC_WEAK = YES;
				CLANG_WARN_BLOCK_CAPTURE_AUTORELEASING = YES;
				CLANG_WARN_BOOL_CONVERSION = YES;
				CLANG_WARN_COMMA = YES;
				CLANG_WARN_CONSTANT_CONVERSION = YES;
				CLANG_WARN_DEPRECATED_OBJC_IMPLEMENTATIONS = YES;
				CLANG_WARN_DIRECT_OBJC_ISA_USAGE = YES_ERROR;
				CLANG_WARN_DOCUMENTATION_COMMENTS = YES;
				CLANG_WARN_EMPTY_BODY = YES;
				CLANG_WARN_ENUM_CONVERSION = YES;
				CLANG_WARN_INFINITE_RECURSION = YES;
				CLANG_WARN_INT_CONVERSION = YES;
				CLANG_WARN_NON_LITERAL_NULL_CONVERSION = YES;
				CLANG_WARN_OBJC_IMPLICIT_RETAIN_SELF = YES;
				CLANG_WARN_OBJC_LITERAL_CONVERSION = YES;
				CLANG_WARN_OBJC_ROOT_CLASS = YES_ERROR;
				CLANG_WARN_QUOTED_INCLUDE_IN_FRAMEWORK_HEADER = YES;
				CLANG_WARN_RANGE_LOOP_ANALYSIS = YES;
				CLANG_WARN_STRICT_PROTOTYPES = YES;
				CLANG_WARN_SUSPICIOUS_MOVE = YES;
				CLANG_WARN_UNGUARDED_AVAILABILITY = YES_AGGRESSIVE;
				CLANG_WARN_UNREACHABLE_CODE = YES;
				CLANG_WARN__DUPLICATE_METHOD_MATCH = YES;
				COPY_PHASE_STRIP = NO;
				DEBUG_INFORMATION_FORMAT = dwarf;
				ENABLE_STRICT_OBJC_MSGSEND = YES;
				ENABLE_TESTABILITY = YES;
				GCC_C_LANGUAGE_STANDARD = gnu11;
				GCC_DYNAMIC_NO_PIC = NO;
				GCC_NO_COMMON_BLOCKS = YES;
				GCC_OPTIMIZATION_LEVEL = 0;
				GCC_PREPROCESSOR_DEFINITIONS = (
					"DEBUG=1",
					"$(inherited)",
				);
				GCC_WARN_64_TO_32_BIT_CONVERSION = YES;
				GCC_WARN_ABOUT_RETURN_TYPE = YES_ERROR;
				GCC_WARN_UNDECLARED_SELECTOR = YES;
				GCC_WARN_UNINITIALIZED_AUTOS = YES_AGGRESSIVE;
				GCC_WARN_UNUSED_FUNCTION = YES;
				GCC_WARN_UNUSED_VARIABLE = YES;
				IPHONEOS_DEPLOYMENT_TARGET = 16.0;
				MTL_ENABLE_DEBUG_INFO = INCLUDE_SOURCE;
				MTL_FAST_MATH = YES;
				ONLY_ACTIVE_ARCH = YES;
				SDKROOT = iphoneos;
				SWIFT_ACTIVE_COMPILATION_CONDITIONS = DEBUG;
				SWIFT_OPTIMIZATION_LEVEL = "-Onone";
			};
			name = Debug;
		};
		00C0A167292C129300397FD5 /* Release */ = {
			isa = XCBuildConfiguration;
			buildSettings = {
				ALWAYS_SEARCH_USER_PATHS = NO;
				CLANG_ANALYZER_NONNULL = YES;
				CLANG_ANALYZER_NUMBER_OBJECT_CONVERSION = YES_AGGRESSIVE;
				CLANG_CXX_LANGUAGE_STANDARD = "gnu++20";
				CLANG_ENABLE_MODULES = YES;
				CLANG_ENABLE_OBJC_ARC = YES;
				CLANG_ENABLE_OBJC_WEAK = YES;
				CLANG_WARN_BLOCK_CAPTURE_AUTORELEASING = YES;
				CLANG_WARN_BOOL_CONVERSION = YES;
				CLANG_WARN_COMMA = YES;
				CLANG_WARN_CONSTANT_CONVERSION = YES;
				CLANG_WARN_DEPRECATED_OBJC_IMPLEMENTATIONS = YES;
				CLANG_WARN_DIRECT_OBJC_ISA_USAGE = YES_ERROR;
				CLANG_WARN_DOCUMENTATION_COMMENTS = YES;
				CLANG_WARN_EMPTY_BODY = YES;
				CLANG_WARN_ENUM_CONVERSION = YES;
				CLANG_WARN_INFINITE_RECURSION = YES;
				CLANG_WARN_INT_CONVERSION = YES;
				CLANG_WARN_NON_LITERAL_NULL_CONVERSION = YES;
				CLANG_WARN_OBJC_IMPLICIT_RETAIN_SELF = YES;
				CLANG_WARN_OBJC_LITERAL_CONVERSION = YES;
				CLANG_WARN_OBJC_ROOT_CLASS = YES_ERROR;
				CLANG_WARN_QUOTED_INCLUDE_IN_FRAMEWORK_HEADER = YES;
				CLANG_WARN_RANGE_LOOP_ANALYSIS = YES;
				CLANG_WARN_STRICT_PROTOTYPES = YES;
				CLANG_WARN_SUSPICIOUS_MOVE = YES;
				CLANG_WARN_UNGUARDED_AVAILABILITY = YES_AGGRESSIVE;
				CLANG_WARN_UNREACHABLE_CODE = YES;
				CLANG_WARN__DUPLICATE_METHOD_MATCH = YES;
				COPY_PHASE_STRIP = NO;
				DEBUG_INFORMATION_FORMAT = "dwarf-with-dsym";
				ENABLE_NS_ASSERTIONS = NO;
				ENABLE_STRICT_OBJC_MSGSEND = YES;
				GCC_C_LANGUAGE_STANDARD = gnu11;
				GCC_NO_COMMON_BLOCKS = YES;
				GCC_WARN_64_TO_32_BIT_CONVERSION = YES;
				GCC_WARN_ABOUT_RETURN_TYPE = YES_ERROR;
				GCC_WARN_UNDECLARED_SELECTOR = YES;
				GCC_WARN_UNINITIALIZED_AUTOS = YES_AGGRESSIVE;
				GCC_WARN_UNUSED_FUNCTION = YES;
				GCC_WARN_UNUSED_VARIABLE = YES;
				IPHONEOS_DEPLOYMENT_TARGET = 16.0;
				MTL_ENABLE_DEBUG_INFO = NO;
				MTL_FAST_MATH = YES;
				SDKROOT = iphoneos;
				SWIFT_COMPILATION_MODE = wholemodule;
				SWIFT_OPTIMIZATION_LEVEL = "-O";
				VALIDATE_PRODUCT = YES;
			};
			name = Release;
		};
		00C0A169292C129300397FD5 /* Debug */ = {
			isa = XCBuildConfiguration;
			buildSettings = {
				ASSETCATALOG_COMPILER_APPICON_NAME = AppIcon;
				ASSETCATALOG_COMPILER_GLOBAL_ACCENT_COLOR_NAME = AccentColor;
				CODE_SIGN_STYLE = Automatic;
				CURRENT_PROJECT_VERSION = 1;
				DEVELOPMENT_TEAM = UA875CDAK7;
				GENERATE_INFOPLIST_FILE = YES;
				INFOPLIST_FILE = "Challenge App/Info.plist";
				INFOPLIST_KEY_UIApplicationSupportsIndirectInputEvents = YES;
				INFOPLIST_KEY_UILaunchStoryboardName = LaunchScreen;
				INFOPLIST_KEY_UIMainStoryboardFile = Main;
				INFOPLIST_KEY_UISupportedInterfaceOrientations_iPad = "UIInterfaceOrientationPortrait UIInterfaceOrientationPortraitUpsideDown UIInterfaceOrientationLandscapeLeft UIInterfaceOrientationLandscapeRight";
				INFOPLIST_KEY_UISupportedInterfaceOrientations_iPhone = "UIInterfaceOrientationPortrait UIInterfaceOrientationLandscapeLeft UIInterfaceOrientationLandscapeRight";
				LD_RUNPATH_SEARCH_PATHS = (
					"$(inherited)",
					"@executable_path/Frameworks",
				);
				MARKETING_VERSION = 1.0;
				PRODUCT_BUNDLE_IDENTIFIER = "com.emrebkr.Challenge-App";
				PRODUCT_NAME = "$(TARGET_NAME)";
				SWIFT_EMIT_LOC_STRINGS = YES;
				SWIFT_VERSION = 5.0;
				TARGETED_DEVICE_FAMILY = "1,2";
			};
			name = Debug;
		};
		00C0A16A292C129300397FD5 /* Release */ = {
			isa = XCBuildConfiguration;
			buildSettings = {
				ASSETCATALOG_COMPILER_APPICON_NAME = AppIcon;
				ASSETCATALOG_COMPILER_GLOBAL_ACCENT_COLOR_NAME = AccentColor;
				CODE_SIGN_STYLE = Automatic;
				CURRENT_PROJECT_VERSION = 1;
				DEVELOPMENT_TEAM = UA875CDAK7;
				GENERATE_INFOPLIST_FILE = YES;
				INFOPLIST_FILE = "Challenge App/Info.plist";
				INFOPLIST_KEY_UIApplicationSupportsIndirectInputEvents = YES;
				INFOPLIST_KEY_UILaunchStoryboardName = LaunchScreen;
				INFOPLIST_KEY_UIMainStoryboardFile = Main;
				INFOPLIST_KEY_UISupportedInterfaceOrientations_iPad = "UIInterfaceOrientationPortrait UIInterfaceOrientationPortraitUpsideDown UIInterfaceOrientationLandscapeLeft UIInterfaceOrientationLandscapeRight";
				INFOPLIST_KEY_UISupportedInterfaceOrientations_iPhone = "UIInterfaceOrientationPortrait UIInterfaceOrientationLandscapeLeft UIInterfaceOrientationLandscapeRight";
				LD_RUNPATH_SEARCH_PATHS = (
					"$(inherited)",
					"@executable_path/Frameworks",
				);
				MARKETING_VERSION = 1.0;
				PRODUCT_BUNDLE_IDENTIFIER = "com.emrebkr.Challenge-App";
				PRODUCT_NAME = "$(TARGET_NAME)";
				SWIFT_EMIT_LOC_STRINGS = YES;
				SWIFT_VERSION = 5.0;
				TARGETED_DEVICE_FAMILY = "1,2";
			};
			name = Release;
		};
/* End XCBuildConfiguration section */

/* Begin XCConfigurationList section */
		00C0A14F292C129100397FD5 /* Build configuration list for PBXProject "Challenge App" */ = {
			isa = XCConfigurationList;
			buildConfigurations = (
				00C0A166292C129300397FD5 /* Debug */,
				00C0A167292C129300397FD5 /* Release */,
			);
			defaultConfigurationIsVisible = 0;
			defaultConfigurationName = Release;
		};
		00C0A168292C129300397FD5 /* Build configuration list for PBXNativeTarget "Challenge App" */ = {
			isa = XCConfigurationList;
			buildConfigurations = (
				00C0A169292C129300397FD5 /* Debug */,
				00C0A16A292C129300397FD5 /* Release */,
			);
			defaultConfigurationIsVisible = 0;
			defaultConfigurationName = Release;
		};
/* End XCConfigurationList section */
	};
	rootObject = 00C0A14C292C129100397FD5 /* Project object */;
}
