// !$*UTF8*$!
{
	archiveVersion = 1;
	classes = {
	};
	objectVersion = 56;
	objects = {

/* Begin PBXBuildFile section */
		00086B92293F7949004F76D6 /* DetailViewController.swift in Sources */ = {isa = PBXBuildFile; fileRef = 00086B91293F7949004F76D6 /* DetailViewController.swift */; };
		007A59E7293DDDDE00BDDBB3 /* AppDelegate.swift in Sources */ = {isa = PBXBuildFile; fileRef = 007A59E6293DDDDE00BDDBB3 /* AppDelegate.swift */; };
		007A59E9293DDDDE00BDDBB3 /* SceneDelegate.swift in Sources */ = {isa = PBXBuildFile; fileRef = 007A59E8293DDDDE00BDDBB3 /* SceneDelegate.swift */; };
		007A59EB293DDDDE00BDDBB3 /* ViewController.swift in Sources */ = {isa = PBXBuildFile; fileRef = 007A59EA293DDDDE00BDDBB3 /* ViewController.swift */; };
		007A59EE293DDDDE00BDDBB3 /* Main.storyboard in Resources */ = {isa = PBXBuildFile; fileRef = 007A59EC293DDDDE00BDDBB3 /* Main.storyboard */; };
		007A59F0293DDDE000BDDBB3 /* Assets.xcassets in Resources */ = {isa = PBXBuildFile; fileRef = 007A59EF293DDDE000BDDBB3 /* Assets.xcassets */; };
		007A59F3293DDDE000BDDBB3 /* LaunchScreen.storyboard in Resources */ = {isa = PBXBuildFile; fileRef = 007A59F1293DDDE000BDDBB3 /* LaunchScreen.storyboard */; };
		007A59FB293DEB5900BDDBB3 /* Petition.swift in Sources */ = {isa = PBXBuildFile; fileRef = 007A59FA293DEB5900BDDBB3 /* Petition.swift */; };
		007A59FD293DEC4100BDDBB3 /* Petitions.swift in Sources */ = {isa = PBXBuildFile; fileRef = 007A59FC293DEC4100BDDBB3 /* Petitions.swift */; };
/* End PBXBuildFile section */

/* Begin PBXFileReference section */
		00086B91293F7949004F76D6 /* DetailViewController.swift */ = {isa = PBXFileReference; lastKnownFileType = sourcecode.swift; path = DetailViewController.swift; sourceTree = "<group>"; };
		007A59E3293DDDDE00BDDBB3 /* Project7-again.app */ = {isa = PBXFileReference; explicitFileType = wrapper.application; includeInIndex = 0; path = "Project7-again.app"; sourceTree = BUILT_PRODUCTS_DIR; };
		007A59E6293DDDDE00BDDBB3 /* AppDelegate.swift */ = {isa = PBXFileReference; lastKnownFileType = sourcecode.swift; path = AppDelegate.swift; sourceTree = "<group>"; };
		007A59E8293DDDDE00BDDBB3 /* SceneDelegate.swift */ = {isa = PBXFileReference; lastKnownFileType = sourcecode.swift; path = SceneDelegate.swift; sourceTree = "<group>"; };
		007A59EA293DDDDE00BDDBB3 /* ViewController.swift */ = {isa = PBXFileReference; lastKnownFileType = sourcecode.swift; path = ViewController.swift; sourceTree = "<group>"; };
		007A59ED293DDDDE00BDDBB3 /* Base */ = {isa = PBXFileReference; lastKnownFileType = file.storyboard; name = Base; path = Base.lproj/Main.storyboard; sourceTree = "<group>"; };
		007A59EF293DDDE000BDDBB3 /* Assets.xcassets */ = {isa = PBXFileReference; lastKnownFileType = folder.assetcatalog; path = Assets.xcassets; sourceTree = "<group>"; };
		007A59F2293DDDE000BDDBB3 /* Base */ = {isa = PBXFileReference; lastKnownFileType = file.storyboard; name = Base; path = Base.lproj/LaunchScreen.storyboard; sourceTree = "<group>"; };
		007A59F4293DDDE000BDDBB3 /* Info.plist */ = {isa = PBXFileReference; lastKnownFileType = text.plist.xml; path = Info.plist; sourceTree = "<group>"; };
		007A59FA293DEB5900BDDBB3 /* Petition.swift */ = {isa = PBXFileReference; lastKnownFileType = sourcecode.swift; path = Petition.swift; sourceTree = "<group>"; };
		007A59FC293DEC4100BDDBB3 /* Petitions.swift */ = {isa = PBXFileReference; lastKnownFileType = sourcecode.swift; path = Petitions.swift; sourceTree = "<group>"; };
/* End PBXFileReference section */

/* Begin PBXFrameworksBuildPhase section */
		007A59E0293DDDDE00BDDBB3 /* Frameworks */ = {
			isa = PBXFrameworksBuildPhase;
			buildActionMask = 2147483647;
			files = (
			);
			runOnlyForDeploymentPostprocessing = 0;
		};
/* End PBXFrameworksBuildPhase section */

/* Begin PBXGroup section */
		007A59DA293DDDDE00BDDBB3 = {
			isa = PBXGroup;
			children = (
				007A59E5293DDDDE00BDDBB3 /* Project7-again */,
				007A59E4293DDDDE00BDDBB3 /* Products */,
			);
			sourceTree = "<group>";
		};
		007A59E4293DDDDE00BDDBB3 /* Products */ = {
			isa = PBXGroup;
			children = (
				007A59E3293DDDDE00BDDBB3 /* Project7-again.app */,
			);
			name = Products;
			sourceTree = "<group>";
		};
		007A59E5293DDDDE00BDDBB3 /* Project7-again */ = {
			isa = PBXGroup;
			children = (
				007A59E6293DDDDE00BDDBB3 /* AppDelegate.swift */,
				007A59E8293DDDDE00BDDBB3 /* SceneDelegate.swift */,
				007A59EA293DDDDE00BDDBB3 /* ViewController.swift */,
				00086B91293F7949004F76D6 /* DetailViewController.swift */,
				007A59FA293DEB5900BDDBB3 /* Petition.swift */,
				007A59FC293DEC4100BDDBB3 /* Petitions.swift */,
				007A59EC293DDDDE00BDDBB3 /* Main.storyboard */,
				007A59EF293DDDE000BDDBB3 /* Assets.xcassets */,
				007A59F1293DDDE000BDDBB3 /* LaunchScreen.storyboard */,
				007A59F4293DDDE000BDDBB3 /* Info.plist */,
			);
			path = "Project7-again";
			sourceTree = "<group>";
		};
/* End PBXGroup section */

/* Begin PBXNativeTarget section */
		007A59E2293DDDDE00BDDBB3 /* Project7-again */ = {
			isa = PBXNativeTarget;
			buildConfigurationList = 007A59F7293DDDE000BDDBB3 /* Build configuration list for PBXNativeTarget "Project7-again" */;
			buildPhases = (
				007A59DF293DDDDE00BDDBB3 /* Sources */,
				007A59E0293DDDDE00BDDBB3 /* Frameworks */,
				007A59E1293DDDDE00BDDBB3 /* Resources */,
			);
			buildRules = (
			);
			dependencies = (
			);
			name = "Project7-again";
			productName = "Project7-again";
			productReference = 007A59E3293DDDDE00BDDBB3 /* Project7-again.app */;
			productType = "com.apple.product-type.application";
		};
/* End PBXNativeTarget section */

/* Begin PBXProject section */
		007A59DB293DDDDE00BDDBB3 /* Project object */ = {
			isa = PBXProject;
			attributes = {
				BuildIndependentTargetsInParallel = 1;
				LastSwiftUpdateCheck = 1400;
				LastUpgradeCheck = 1400;
				TargetAttributes = {
					007A59E2293DDDDE00BDDBB3 = {
						CreatedOnToolsVersion = 14.0.1;
					};
				};
			};
			buildConfigurationList = 007A59DE293DDDDE00BDDBB3 /* Build configuration list for PBXProject "Project7-again" */;
			compatibilityVersion = "Xcode 14.0";
			developmentRegion = en;
			hasScannedForEncodings = 0;
			knownRegions = (
				en,
				Base,
			);
			mainGroup = 007A59DA293DDDDE00BDDBB3;
			productRefGroup = 007A59E4293DDDDE00BDDBB3 /* Products */;
			projectDirPath = "";
			projectRoot = "";
			targets = (
				007A59E2293DDDDE00BDDBB3 /* Project7-again */,
			);
		};
/* End PBXProject section */

/* Begin PBXResourcesBuildPhase section */
		007A59E1293DDDDE00BDDBB3 /* Resources */ = {
			isa = PBXResourcesBuildPhase;
			buildActionMask = 2147483647;
			files = (
				007A59F3293DDDE000BDDBB3 /* LaunchScreen.storyboard in Resources */,
				007A59F0293DDDE000BDDBB3 /* Assets.xcassets in Resources */,
				007A59EE293DDDDE00BDDBB3 /* Main.storyboard in Resources */,
			);
			runOnlyForDeploymentPostprocessing = 0;
		};
/* End PBXResourcesBuildPhase section */

/* Begin PBXSourcesBuildPhase section */
		007A59DF293DDDDE00BDDBB3 /* Sources */ = {
			isa = PBXSourcesBuildPhase;
			buildActionMask = 2147483647;
			files = (
				007A59EB293DDDDE00BDDBB3 /* ViewController.swift in Sources */,
				007A59FB293DEB5900BDDBB3 /* Petition.swift in Sources */,
				007A59E7293DDDDE00BDDBB3 /* AppDelegate.swift in Sources */,
				00086B92293F7949004F76D6 /* DetailViewController.swift in Sources */,
				007A59E9293DDDDE00BDDBB3 /* SceneDelegate.swift in Sources */,
				007A59FD293DEC4100BDDBB3 /* Petitions.swift in Sources */,
			);
			runOnlyForDeploymentPostprocessing = 0;
		};
/* End PBXSourcesBuildPhase section */

/* Begin PBXVariantGroup section */
		007A59EC293DDDDE00BDDBB3 /* Main.storyboard */ = {
			isa = PBXVariantGroup;
			children = (
				007A59ED293DDDDE00BDDBB3 /* Base */,
			);
			name = Main.storyboard;
			sourceTree = "<group>";
		};
		007A59F1293DDDE000BDDBB3 /* LaunchScreen.storyboard */ = {
			isa = PBXVariantGroup;
			children = (
				007A59F2293DDDE000BDDBB3 /* Base */,
			);
			name = LaunchScreen.storyboard;
			sourceTree = "<group>";
		};
/* End PBXVariantGroup section */

/* Begin XCBuildConfiguration section */
		007A59F5293DDDE000BDDBB3 /* Debug */ = {
			isa = XCBuildConfiguration;
			buildSettings = {
				ALWAYS_SEARCH_USER_PATHS = NO;
				CLANG_ANALYZER_NONNULL = YES;
				CLANG_ANALYZER_NUMBER_OBJECT_CONVERSION = YES_AGGRESSIVE;
				CLANG_CXX_LANGUAGE_STANDARD = "gnu++20";
				CLANG_ENABLE_MODULES = YES;
				CLANG_ENABLE_OBJC_ARC = YES;
				CLANG_ENABLE_OBJC_WEAK = YES;
				CLANG_WARN_BLOCK_CAPTURE_AUTORELEASING = YES;
				CLANG_WARN_BOOL_CONVERSION = YES;
				CLANG_WARN_COMMA = YES;
				CLANG_WARN_CONSTANT_CONVERSION = YES;
				CLANG_WARN_DEPRECATED_OBJC_IMPLEMENTATIONS = YES;
				CLANG_WARN_DIRECT_OBJC_ISA_USAGE = YES_ERROR;
				CLANG_WARN_DOCUMENTATION_COMMENTS = YES;
				CLANG_WARN_EMPTY_BODY = YES;
				CLANG_WARN_ENUM_CONVERSION = YES;
				CLANG_WARN_INFINITE_RECURSION = YES;
				CLANG_WARN_INT_CONVERSION = YES;
				CLANG_WARN_NON_LITERAL_NULL_CONVERSION = YES;
				CLANG_WARN_OBJC_IMPLICIT_RETAIN_SELF = YES;
				CLANG_WARN_OBJC_LITERAL_CONVERSION = YES;
				CLANG_WARN_OBJC_ROOT_CLASS = YES_ERROR;
				CLANG_WARN_QUOTED_INCLUDE_IN_FRAMEWORK_HEADER = YES;
				CLANG_WARN_RANGE_LOOP_ANALYSIS = YES;
				CLANG_WARN_STRICT_PROTOTYPES = YES;
				CLANG_WARN_SUSPICIOUS_MOVE = YES;
				CLANG_WARN_UNGUARDED_AVAILABILITY = YES_AGGRESSIVE;
				CLANG_WARN_UNREACHABLE_CODE = YES;
				CLANG_WARN__DUPLICATE_METHOD_MATCH = YES;
				COPY_PHASE_STRIP = NO;
				DEBUG_INFORMATION_FORMAT = dwarf;
				ENABLE_STRICT_OBJC_MSGSEND = YES;
				ENABLE_TESTABILITY = YES;
				GCC_C_LANGUAGE_STANDARD = gnu11;
				GCC_DYNAMIC_NO_PIC = NO;
				GCC_NO_COMMON_BLOCKS = YES;
				GCC_OPTIMIZATION_LEVEL = 0;
				GCC_PREPROCESSOR_DEFINITIONS = (
					"DEBUG=1",
					"$(inherited)",
				);
				GCC_WARN_64_TO_32_BIT_CONVERSION = YES;
				GCC_WARN_ABOUT_RETURN_TYPE = YES_ERROR;
				GCC_WARN_UNDECLARED_SELECTOR = YES;
				GCC_WARN_UNINITIALIZED_AUTOS = YES_AGGRESSIVE;
				GCC_WARN_UNUSED_FUNCTION = YES;
				GCC_WARN_UNUSED_VARIABLE = YES;
				IPHONEOS_DEPLOYMENT_TARGET = 16.0;
				MTL_ENABLE_DEBUG_INFO = INCLUDE_SOURCE;
				MTL_FAST_MATH = YES;
				ONLY_ACTIVE_ARCH = YES;
				SDKROOT = iphoneos;
				SWIFT_ACTIVE_COMPILATION_CONDITIONS = DEBUG;
				SWIFT_OPTIMIZATION_LEVEL = "-Onone";
			};
			name = Debug;
		};
		007A59F6293DDDE000BDDBB3 /* Release */ = {
			isa = XCBuildConfiguration;
			buildSettings = {
				ALWAYS_SEARCH_USER_PATHS = NO;
				CLANG_ANALYZER_NONNULL = YES;
				CLANG_ANALYZER_NUMBER_OBJECT_CONVERSION = YES_AGGRESSIVE;
				CLANG_CXX_LANGUAGE_STANDARD = "gnu++20";
				CLANG_ENABLE_MODULES = YES;
				CLANG_ENABLE_OBJC_ARC = YES;
				CLANG_ENABLE_OBJC_WEAK = YES;
				CLANG_WARN_BLOCK_CAPTURE_AUTORELEASING = YES;
				CLANG_WARN_BOOL_CONVERSION = YES;
				CLANG_WARN_COMMA = YES;
				CLANG_WARN_CONSTANT_CONVERSION = YES;
				CLANG_WARN_DEPRECATED_OBJC_IMPLEMENTATIONS = YES;
				CLANG_WARN_DIRECT_OBJC_ISA_USAGE = YES_ERROR;
				CLANG_WARN_DOCUMENTATION_COMMENTS = YES;
				CLANG_WARN_EMPTY_BODY = YES;
				CLANG_WARN_ENUM_CONVERSION = YES;
				CLANG_WARN_INFINITE_RECURSION = YES;
				CLANG_WARN_INT_CONVERSION = YES;
				CLANG_WARN_NON_LITERAL_NULL_CONVERSION = YES;
				CLANG_WARN_OBJC_IMPLICIT_RETAIN_SELF = YES;
				CLANG_WARN_OBJC_LITERAL_CONVERSION = YES;
				CLANG_WARN_OBJC_ROOT_CLASS = YES_ERROR;
				CLANG_WARN_QUOTED_INCLUDE_IN_FRAMEWORK_HEADER = YES;
				CLANG_WARN_RANGE_LOOP_ANALYSIS = YES;
				CLANG_WARN_STRICT_PROTOTYPES = YES;
				CLANG_WARN_SUSPICIOUS_MOVE = YES;
				CLANG_WARN_UNGUARDED_AVAILABILITY = YES_AGGRESSIVE;
				CLANG_WARN_UNREACHABLE_CODE = YES;
				CLANG_WARN__DUPLICATE_METHOD_MATCH = YES;
				COPY_PHASE_STRIP = NO;
				DEBUG_INFORMATION_FORMAT = "dwarf-with-dsym";
				ENABLE_NS_ASSERTIONS = NO;
				ENABLE_STRICT_OBJC_MSGSEND = YES;
				GCC_C_LANGUAGE_STANDARD = gnu11;
				GCC_NO_COMMON_BLOCKS = YES;
				GCC_WARN_64_TO_32_BIT_CONVERSION = YES;
				GCC_WARN_ABOUT_RETURN_TYPE = YES_ERROR;
				GCC_WARN_UNDECLARED_SELECTOR = YES;
				GCC_WARN_UNINITIALIZED_AUTOS = YES_AGGRESSIVE;
				GCC_WARN_UNUSED_FUNCTION = YES;
				GCC_WARN_UNUSED_VARIABLE = YES;
				IPHONEOS_DEPLOYMENT_TARGET = 16.0;
				MTL_ENABLE_DEBUG_INFO = NO;
				MTL_FAST_MATH = YES;
				SDKROOT = iphoneos;
				SWIFT_COMPILATION_MODE = wholemodule;
				SWIFT_OPTIMIZATION_LEVEL = "-O";
				VALIDATE_PRODUCT = YES;
			};
			name = Release;
		};
		007A59F8293DDDE000BDDBB3 /* Debug */ = {
			isa = XCBuildConfiguration;
			buildSettings = {
				ASSETCATALOG_COMPILER_APPICON_NAME = AppIcon;
				ASSETCATALOG_COMPILER_GLOBAL_ACCENT_COLOR_NAME = AccentColor;
				CODE_SIGN_STYLE = Automatic;
				CURRENT_PROJECT_VERSION = 1;
				DEVELOPMENT_TEAM = UA875CDAK7;
				GENERATE_INFOPLIST_FILE = YES;
				INFOPLIST_FILE = "Project7-again/Info.plist";
				INFOPLIST_KEY_UIApplicationSupportsIndirectInputEvents = YES;
				INFOPLIST_KEY_UILaunchStoryboardName = LaunchScreen;
				INFOPLIST_KEY_UIMainStoryboardFile = Main;
				INFOPLIST_KEY_UISupportedInterfaceOrientations_iPad = "UIInterfaceOrientationPortrait UIInterfaceOrientationPortraitUpsideDown UIInterfaceOrientationLandscapeLeft UIInterfaceOrientationLandscapeRight";
				INFOPLIST_KEY_UISupportedInterfaceOrientations_iPhone = "UIInterfaceOrientationPortrait UIInterfaceOrientationLandscapeLeft UIInterfaceOrientationLandscapeRight";
				LD_RUNPATH_SEARCH_PATHS = (
					"$(inherited)",
					"@executable_path/Frameworks",
				);
				MARKETING_VERSION = 1.0;
				PRODUCT_BUNDLE_IDENTIFIER = "com.emrebkr.Project7-again";
				PRODUCT_NAME = "$(TARGET_NAME)";
				SWIFT_EMIT_LOC_STRINGS = YES;
				SWIFT_VERSION = 5.0;
				TARGETED_DEVICE_FAMILY = "1,2";
			};
			name = Debug;
		};
		007A59F9293DDDE000BDDBB3 /* Release */ = {
			isa = XCBuildConfiguration;
			buildSettings = {
				ASSETCATALOG_COMPILER_APPICON_NAME = AppIcon;
				ASSETCATALOG_COMPILER_GLOBAL_ACCENT_COLOR_NAME = AccentColor;
				CODE_SIGN_STYLE = Automatic;
				CURRENT_PROJECT_VERSION = 1;
				DEVELOPMENT_TEAM = UA875CDAK7;
				GENERATE_INFOPLIST_FILE = YES;
				INFOPLIST_FILE = "Project7-again/Info.plist";
				INFOPLIST_KEY_UIApplicationSupportsIndirectInputEvents = YES;
				INFOPLIST_KEY_UILaunchStoryboardName = LaunchScreen;
				INFOPLIST_KEY_UIMainStoryboardFile = Main;
				INFOPLIST_KEY_UISupportedInterfaceOrientations_iPad = "UIInterfaceOrientationPortrait UIInterfaceOrientationPortraitUpsideDown UIInterfaceOrientationLandscapeLeft UIInterfaceOrientationLandscapeRight";
				INFOPLIST_KEY_UISupportedInterfaceOrientations_iPhone = "UIInterfaceOrientationPortrait UIInterfaceOrientationLandscapeLeft UIInterfaceOrientationLandscapeRight";
				LD_RUNPATH_SEARCH_PATHS = (
					"$(inherited)",
					"@executable_path/Frameworks",
				);
				MARKETING_VERSION = 1.0;
				PRODUCT_BUNDLE_IDENTIFIER = "com.emrebkr.Project7-again";
				PRODUCT_NAME = "$(TARGET_NAME)";
				SWIFT_EMIT_LOC_STRINGS = YES;
				SWIFT_VERSION = 5.0;
				TARGETED_DEVICE_FAMILY = "1,2";
			};
			name = Release;
		};
/* End XCBuildConfiguration section */

/* Begin XCConfigurationList section */
		007A59DE293DDDDE00BDDBB3 /* Build configuration list for PBXProject "Project7-again" */ = {
			isa = XCConfigurationList;
			buildConfigurations = (
				007A59F5293DDDE000BDDBB3 /* Debug */,
				007A59F6293DDDE000BDDBB3 /* Release */,
			);
			defaultConfigurationIsVisible = 0;
			defaultConfigurationName = Release;
		};
		007A59F7293DDDE000BDDBB3 /* Build configuration list for PBXNativeTarget "Project7-again" */ = {
			isa = XCConfigurationList;
			buildConfigurations = (
				007A59F8293DDDE000BDDBB3 /* Debug */,
				007A59F9293DDDE000BDDBB3 /* Release */,
			);
			defaultConfigurationIsVisible = 0;
			defaultConfigurationName = Release;
		};
/* End XCConfigurationList section */
	};
	rootObject = 007A59DB293DDDDE00BDDBB3 /* Project object */;
}
