// !$*UTF8*$!
{
	archiveVersion = 1;
	classes = {
	};
	objectVersion = 56;
	objects = {

/* Begin PBXBuildFile section */
		008FBD42298D7F25002E7EF8 /* AppDelegate.swift in Sources */ = {isa = PBXBuildFile; fileRef = 008FBD41298D7F25002E7EF8 /* AppDelegate.swift */; };
		008FBD44298D7F25002E7EF8 /* SceneDelegate.swift in Sources */ = {isa = PBXBuildFile; fileRef = 008FBD43298D7F25002E7EF8 /* SceneDelegate.swift */; };
		008FBD46298D7F25002E7EF8 /* ViewController.swift in Sources */ = {isa = PBXBuildFile; fileRef = 008FBD45298D7F25002E7EF8 /* ViewController.swift */; };
		008FBD49298D7F25002E7EF8 /* Main.storyboard in Resources */ = {isa = PBXBuildFile; fileRef = 008FBD47298D7F25002E7EF8 /* Main.storyboard */; };
		008FBD4B298D7F28002E7EF8 /* Assets.xcassets in Resources */ = {isa = PBXBuildFile; fileRef = 008FBD4A298D7F28002E7EF8 /* Assets.xcassets */; };
		008FBD4E298D7F28002E7EF8 /* LaunchScreen.storyboard in Resources */ = {isa = PBXBuildFile; fileRef = 008FBD4C298D7F28002E7EF8 /* LaunchScreen.storyboard */; };
		008FBD60298D8327002E7EF8 /* DetailViewController.swift in Sources */ = {isa = PBXBuildFile; fileRef = 008FBD5F298D8327002E7EF8 /* DetailViewController.swift */; };
		008FBD62298D8544002E7EF8 /* Note.swift in Sources */ = {isa = PBXBuildFile; fileRef = 008FBD61298D8544002E7EF8 /* Note.swift */; };
		008FBD67298D85DF002E7EF8 /* NoteCell.swift in Sources */ = {isa = PBXBuildFile; fileRef = 008FBD65298D85DF002E7EF8 /* NoteCell.swift */; };
/* End PBXBuildFile section */

/* Begin PBXFileReference section */
		008FBD3E298D7F25002E7EF8 /* Milstone 19-21.app */ = {isa = PBXFileReference; explicitFileType = wrapper.application; includeInIndex = 0; path = "Milstone 19-21.app"; sourceTree = BUILT_PRODUCTS_DIR; };
		008FBD41298D7F25002E7EF8 /* AppDelegate.swift */ = {isa = PBXFileReference; lastKnownFileType = sourcecode.swift; path = AppDelegate.swift; sourceTree = "<group>"; };
		008FBD43298D7F25002E7EF8 /* SceneDelegate.swift */ = {isa = PBXFileReference; lastKnownFileType = sourcecode.swift; path = SceneDelegate.swift; sourceTree = "<group>"; };
		008FBD45298D7F25002E7EF8 /* ViewController.swift */ = {isa = PBXFileReference; lastKnownFileType = sourcecode.swift; path = ViewController.swift; sourceTree = "<group>"; };
		008FBD48298D7F25002E7EF8 /* Base */ = {isa = PBXFileReference; lastKnownFileType = file.storyboard; name = Base; path = Base.lproj/Main.storyboard; sourceTree = "<group>"; };
		008FBD4A298D7F28002E7EF8 /* Assets.xcassets */ = {isa = PBXFileReference; lastKnownFileType = folder.assetcatalog; path = Assets.xcassets; sourceTree = "<group>"; };
		008FBD4D298D7F28002E7EF8 /* Base */ = {isa = PBXFileReference; lastKnownFileType = file.storyboard; name = Base; path = Base.lproj/LaunchScreen.storyboard; sourceTree = "<group>"; };
		008FBD4F298D7F28002E7EF8 /* Info.plist */ = {isa = PBXFileReference; lastKnownFileType = text.plist.xml; path = Info.plist; sourceTree = "<group>"; };
		008FBD5F298D8327002E7EF8 /* DetailViewController.swift */ = {isa = PBXFileReference; lastKnownFileType = sourcecode.swift; path = DetailViewController.swift; sourceTree = "<group>"; };
		008FBD61298D8544002E7EF8 /* Note.swift */ = {isa = PBXFileReference; lastKnownFileType = sourcecode.swift; path = Note.swift; sourceTree = "<group>"; };
		008FBD65298D85DF002E7EF8 /* NoteCell.swift */ = {isa = PBXFileReference; lastKnownFileType = sourcecode.swift; path = NoteCell.swift; sourceTree = "<group>"; };
/* End PBXFileReference section */

/* Begin PBXFrameworksBuildPhase section */
		008FBD3B298D7F24002E7EF8 /* Frameworks */ = {
			isa = PBXFrameworksBuildPhase;
			buildActionMask = 2147483647;
			files = (
			);
			runOnlyForDeploymentPostprocessing = 0;
		};
/* End PBXFrameworksBuildPhase section */

/* Begin PBXGroup section */
		008FBD35298D7F24002E7EF8 = {
			isa = PBXGroup;
			children = (
				008FBD40298D7F25002E7EF8 /* Milstone 19-21 */,
				008FBD3F298D7F25002E7EF8 /* Products */,
			);
			sourceTree = "<group>";
		};
		008FBD3F298D7F25002E7EF8 /* Products */ = {
			isa = PBXGroup;
			children = (
				008FBD3E298D7F25002E7EF8 /* Milstone 19-21.app */,
			);
			name = Products;
			sourceTree = "<group>";
		};
		008FBD40298D7F25002E7EF8 /* Milstone 19-21 */ = {
			isa = PBXGroup;
			children = (
				008FBD41298D7F25002E7EF8 /* AppDelegate.swift */,
				008FBD43298D7F25002E7EF8 /* SceneDelegate.swift */,
				008FBD47298D7F25002E7EF8 /* Main.storyboard */,
				008FBD45298D7F25002E7EF8 /* ViewController.swift */,
				008FBD5F298D8327002E7EF8 /* DetailViewController.swift */,
				008FBD61298D8544002E7EF8 /* Note.swift */,
				008FBD65298D85DF002E7EF8 /* NoteCell.swift */,
				008FBD4A298D7F28002E7EF8 /* Assets.xcassets */,
				008FBD4C298D7F28002E7EF8 /* LaunchScreen.storyboard */,
				008FBD4F298D7F28002E7EF8 /* Info.plist */,
			);
			path = "Milstone 19-21";
			sourceTree = "<group>";
		};
/* End PBXGroup section */

/* Begin PBXNativeTarget section */
		008FBD3D298D7F24002E7EF8 /* Milstone 19-21 */ = {
			isa = PBXNativeTarget;
			buildConfigurationList = 008FBD52298D7F28002E7EF8 /* Build configuration list for PBXNativeTarget "Milstone 19-21" */;
			buildPhases = (
				008FBD3A298D7F24002E7EF8 /* Sources */,
				008FBD3B298D7F24002E7EF8 /* Frameworks */,
				008FBD3C298D7F24002E7EF8 /* Resources */,
			);
			buildRules = (
			);
			dependencies = (
			);
			name = "Milstone 19-21";
			productName = "Milstone 19-21";
			productReference = 008FBD3E298D7F25002E7EF8 /* Milstone 19-21.app */;
			productType = "com.apple.product-type.application";
		};
/* End PBXNativeTarget section */

/* Begin PBXProject section */
		008FBD36298D7F24002E7EF8 /* Project object */ = {
			isa = PBXProject;
			attributes = {
				BuildIndependentTargetsInParallel = 1;
				LastSwiftUpdateCheck = 1400;
				LastUpgradeCheck = 1400;
				TargetAttributes = {
					008FBD3D298D7F24002E7EF8 = {
						CreatedOnToolsVersion = 14.0.1;
					};
				};
			};
			buildConfigurationList = 008FBD39298D7F24002E7EF8 /* Build configuration list for PBXProject "Milstone 19-21" */;
			compatibilityVersion = "Xcode 14.0";
			developmentRegion = en;
			hasScannedForEncodings = 0;
			knownRegions = (
				en,
				Base,
			);
			mainGroup = 008FBD35298D7F24002E7EF8;
			productRefGroup = 008FBD3F298D7F25002E7EF8 /* Products */;
			projectDirPath = "";
			projectRoot = "";
			targets = (
				008FBD3D298D7F24002E7EF8 /* Milstone 19-21 */,
			);
		};
/* End PBXProject section */

/* Begin PBXResourcesBuildPhase section */
		008FBD3C298D7F24002E7EF8 /* Resources */ = {
			isa = PBXResourcesBuildPhase;
			buildActionMask = 2147483647;
			files = (
				008FBD4E298D7F28002E7EF8 /* LaunchScreen.storyboard in Resources */,
				008FBD4B298D7F28002E7EF8 /* Assets.xcassets in Resources */,
				008FBD49298D7F25002E7EF8 /* Main.storyboard in Resources */,
			);
			runOnlyForDeploymentPostprocessing = 0;
		};
/* End PBXResourcesBuildPhase section */

/* Begin PBXSourcesBuildPhase section */
		008FBD3A298D7F24002E7EF8 /* Sources */ = {
			isa = PBXSourcesBuildPhase;
			buildActionMask = 2147483647;
			files = (
				008FBD46298D7F25002E7EF8 /* ViewController.swift in Sources */,
				008FBD60298D8327002E7EF8 /* DetailViewController.swift in Sources */,
				008FBD42298D7F25002E7EF8 /* AppDelegate.swift in Sources */,
				008FBD67298D85DF002E7EF8 /* NoteCell.swift in Sources */,
				008FBD44298D7F25002E7EF8 /* SceneDelegate.swift in Sources */,
				008FBD62298D8544002E7EF8 /* Note.swift in Sources */,
			);
			runOnlyForDeploymentPostprocessing = 0;
		};
/* End PBXSourcesBuildPhase section */

/* Begin PBXVariantGroup section */
		008FBD47298D7F25002E7EF8 /* Main.storyboard */ = {
			isa = PBXVariantGroup;
			children = (
				008FBD48298D7F25002E7EF8 /* Base */,
			);
			name = Main.storyboard;
			sourceTree = "<group>";
		};
		008FBD4C298D7F28002E7EF8 /* LaunchScreen.storyboard */ = {
			isa = PBXVariantGroup;
			children = (
				008FBD4D298D7F28002E7EF8 /* Base */,
			);
			name = LaunchScreen.storyboard;
			sourceTree = "<group>";
		};
/* End PBXVariantGroup section */

/* Begin XCBuildConfiguration section */
		008FBD50298D7F28002E7EF8 /* Debug */ = {
			isa = XCBuildConfiguration;
			buildSettings = {
				ALWAYS_SEARCH_USER_PATHS = NO;
				CLANG_ANALYZER_NONNULL = YES;
				CLANG_ANALYZER_NUMBER_OBJECT_CONVERSION = YES_AGGRESSIVE;
				CLANG_CXX_LANGUAGE_STANDARD = "gnu++20";
				CLANG_ENABLE_MODULES = YES;
				CLANG_ENABLE_OBJC_ARC = YES;
				CLANG_ENABLE_OBJC_WEAK = YES;
				CLANG_WARN_BLOCK_CAPTURE_AUTORELEASING = YES;
				CLANG_WARN_BOOL_CONVERSION = YES;
				CLANG_WARN_COMMA = YES;
				CLANG_WARN_CONSTANT_CONVERSION = YES;
				CLANG_WARN_DEPRECATED_OBJC_IMPLEMENTATIONS = YES;
				CLANG_WARN_DIRECT_OBJC_ISA_USAGE = YES_ERROR;
				CLANG_WARN_DOCUMENTATION_COMMENTS = YES;
				CLANG_WARN_EMPTY_BODY = YES;
				CLANG_WARN_ENUM_CONVERSION = YES;
				CLANG_WARN_INFINITE_RECURSION = YES;
				CLANG_WARN_INT_CONVERSION = YES;
				CLANG_WARN_NON_LITERAL_NULL_CONVERSION = YES;
				CLANG_WARN_OBJC_IMPLICIT_RETAIN_SELF = YES;
				CLANG_WARN_OBJC_LITERAL_CONVERSION = YES;
				CLANG_WARN_OBJC_ROOT_CLASS = YES_ERROR;
				CLANG_WARN_QUOTED_INCLUDE_IN_FRAMEWORK_HEADER = YES;
				CLANG_WARN_RANGE_LOOP_ANALYSIS = YES;
				CLANG_WARN_STRICT_PROTOTYPES = YES;
				CLANG_WARN_SUSPICIOUS_MOVE = YES;
				CLANG_WARN_UNGUARDED_AVAILABILITY = YES_AGGRESSIVE;
				CLANG_WARN_UNREACHABLE_CODE = YES;
				CLANG_WARN__DUPLICATE_METHOD_MATCH = YES;
				COPY_PHASE_STRIP = NO;
				DEBUG_INFORMATION_FORMAT = dwarf;
				ENABLE_STRICT_OBJC_MSGSEND = YES;
				ENABLE_TESTABILITY = YES;
				GCC_C_LANGUAGE_STANDARD = gnu11;
				GCC_DYNAMIC_NO_PIC = NO;
				GCC_NO_COMMON_BLOCKS = YES;
				GCC_OPTIMIZATION_LEVEL = 0;
				GCC_PREPROCESSOR_DEFINITIONS = (
					"DEBUG=1",
					"$(inherited)",
				);
				GCC_WARN_64_TO_32_BIT_CONVERSION = YES;
				GCC_WARN_ABOUT_RETURN_TYPE = YES_ERROR;
				GCC_WARN_UNDECLARED_SELECTOR = YES;
				GCC_WARN_UNINITIALIZED_AUTOS = YES_AGGRESSIVE;
				GCC_WARN_UNUSED_FUNCTION = YES;
				GCC_WARN_UNUSED_VARIABLE = YES;
				IPHONEOS_DEPLOYMENT_TARGET = 16.0;
				MTL_ENABLE_DEBUG_INFO = INCLUDE_SOURCE;
				MTL_FAST_MATH = YES;
				ONLY_ACTIVE_ARCH = YES;
				SDKROOT = iphoneos;
				SWIFT_ACTIVE_COMPILATION_CONDITIONS = DEBUG;
				SWIFT_OPTIMIZATION_LEVEL = "-Onone";
			};
			name = Debug;
		};
		008FBD51298D7F28002E7EF8 /* Release */ = {
			isa = XCBuildConfiguration;
			buildSettings = {
				ALWAYS_SEARCH_USER_PATHS = NO;
				CLANG_ANALYZER_NONNULL = YES;
				CLANG_ANALYZER_NUMBER_OBJECT_CONVERSION = YES_AGGRESSIVE;
				CLANG_CXX_LANGUAGE_STANDARD = "gnu++20";
				CLANG_ENABLE_MODULES = YES;
				CLANG_ENABLE_OBJC_ARC = YES;
				CLANG_ENABLE_OBJC_WEAK = YES;
				CLANG_WARN_BLOCK_CAPTURE_AUTORELEASING = YES;
				CLANG_WARN_BOOL_CONVERSION = YES;
				CLANG_WARN_COMMA = YES;
				CLANG_WARN_CONSTANT_CONVERSION = YES;
				CLANG_WARN_DEPRECATED_OBJC_IMPLEMENTATIONS = YES;
				CLANG_WARN_DIRECT_OBJC_ISA_USAGE = YES_ERROR;
				CLANG_WARN_DOCUMENTATION_COMMENTS = YES;
				CLANG_WARN_EMPTY_BODY = YES;
				CLANG_WARN_ENUM_CONVERSION = YES;
				CLANG_WARN_INFINITE_RECURSION = YES;
				CLANG_WARN_INT_CONVERSION = YES;
				CLANG_WARN_NON_LITERAL_NULL_CONVERSION = YES;
				CLANG_WARN_OBJC_IMPLICIT_RETAIN_SELF = YES;
				CLANG_WARN_OBJC_LITERAL_CONVERSION = YES;
				CLANG_WARN_OBJC_ROOT_CLASS = YES_ERROR;
				CLANG_WARN_QUOTED_INCLUDE_IN_FRAMEWORK_HEADER = YES;
				CLANG_WARN_RANGE_LOOP_ANALYSIS = YES;
				CLANG_WARN_STRICT_PROTOTYPES = YES;
				CLANG_WARN_SUSPICIOUS_MOVE = YES;
				CLANG_WARN_UNGUARDED_AVAILABILITY = YES_AGGRESSIVE;
				CLANG_WARN_UNREACHABLE_CODE = YES;
				CLANG_WARN__DUPLICATE_METHOD_MATCH = YES;
				COPY_PHASE_STRIP = NO;
				DEBUG_INFORMATION_FORMAT = "dwarf-with-dsym";
				ENABLE_NS_ASSERTIONS = NO;
				ENABLE_STRICT_OBJC_MSGSEND = YES;
				GCC_C_LANGUAGE_STANDARD = gnu11;
				GCC_NO_COMMON_BLOCKS = YES;
				GCC_WARN_64_TO_32_BIT_CONVERSION = YES;
				GCC_WARN_ABOUT_RETURN_TYPE = YES_ERROR;
				GCC_WARN_UNDECLARED_SELECTOR = YES;
				GCC_WARN_UNINITIALIZED_AUTOS = YES_AGGRESSIVE;
				GCC_WARN_UNUSED_FUNCTION = YES;
				GCC_WARN_UNUSED_VARIABLE = YES;
				IPHONEOS_DEPLOYMENT_TARGET = 16.0;
				MTL_ENABLE_DEBUG_INFO = NO;
				MTL_FAST_MATH = YES;
				SDKROOT = iphoneos;
				SWIFT_COMPILATION_MODE = wholemodule;
				SWIFT_OPTIMIZATION_LEVEL = "-O";
				VALIDATE_PRODUCT = YES;
			};
			name = Release;
		};
		008FBD53298D7F28002E7EF8 /* Debug */ = {
			isa = XCBuildConfiguration;
			buildSettings = {
				ASSETCATALOG_COMPILER_APPICON_NAME = AppIcon;
				ASSETCATALOG_COMPILER_GLOBAL_ACCENT_COLOR_NAME = AccentColor;
				CODE_SIGN_STYLE = Automatic;
				CURRENT_PROJECT_VERSION = 1;
				DEVELOPMENT_TEAM = UA875CDAK7;
				GENERATE_INFOPLIST_FILE = YES;
				INFOPLIST_FILE = "Milstone 19-21/Info.plist";
				INFOPLIST_KEY_UIApplicationSupportsIndirectInputEvents = YES;
				INFOPLIST_KEY_UILaunchStoryboardName = LaunchScreen;
				INFOPLIST_KEY_UIMainStoryboardFile = Main;
				INFOPLIST_KEY_UISupportedInterfaceOrientations_iPad = "UIInterfaceOrientationPortrait UIInterfaceOrientationPortraitUpsideDown UIInterfaceOrientationLandscapeLeft UIInterfaceOrientationLandscapeRight";
				INFOPLIST_KEY_UISupportedInterfaceOrientations_iPhone = "UIInterfaceOrientationPortrait UIInterfaceOrientationLandscapeLeft UIInterfaceOrientationLandscapeRight";
				LD_RUNPATH_SEARCH_PATHS = (
					"$(inherited)",
					"@executable_path/Frameworks",
				);
				MARKETING_VERSION = 1.0;
				PRODUCT_BUNDLE_IDENTIFIER = "com.emrebkr.Milstone-19-21";
				PRODUCT_NAME = "$(TARGET_NAME)";
				SWIFT_EMIT_LOC_STRINGS = YES;
				SWIFT_VERSION = 5.0;
				TARGETED_DEVICE_FAMILY = "1,2";
			};
			name = Debug;
		};
		008FBD54298D7F28002E7EF8 /* Release */ = {
			isa = XCBuildConfiguration;
			buildSettings = {
				ASSETCATALOG_COMPILER_APPICON_NAME = AppIcon;
				ASSETCATALOG_COMPILER_GLOBAL_ACCENT_COLOR_NAME = AccentColor;
				CODE_SIGN_STYLE = Automatic;
				CURRENT_PROJECT_VERSION = 1;
				DEVELOPMENT_TEAM = UA875CDAK7;
				GENERATE_INFOPLIST_FILE = YES;
				INFOPLIST_FILE = "Milstone 19-21/Info.plist";
				INFOPLIST_KEY_UIApplicationSupportsIndirectInputEvents = YES;
				INFOPLIST_KEY_UILaunchStoryboardName = LaunchScreen;
				INFOPLIST_KEY_UIMainStoryboardFile = Main;
				INFOPLIST_KEY_UISupportedInterfaceOrientations_iPad = "UIInterfaceOrientationPortrait UIInterfaceOrientationPortraitUpsideDown UIInterfaceOrientationLandscapeLeft UIInterfaceOrientationLandscapeRight";
				INFOPLIST_KEY_UISupportedInterfaceOrientations_iPhone = "UIInterfaceOrientationPortrait UIInterfaceOrientationLandscapeLeft UIInterfaceOrientationLandscapeRight";
				LD_RUNPATH_SEARCH_PATHS = (
					"$(inherited)",
					"@executable_path/Frameworks",
				);
				MARKETING_VERSION = 1.0;
				PRODUCT_BUNDLE_IDENTIFIER = "com.emrebkr.Milstone-19-21";
				PRODUCT_NAME = "$(TARGET_NAME)";
				SWIFT_EMIT_LOC_STRINGS = YES;
				SWIFT_VERSION = 5.0;
				TARGETED_DEVICE_FAMILY = "1,2";
			};
			name = Release;
		};
/* End XCBuildConfiguration section */

/* Begin XCConfigurationList section */
		008FBD39298D7F24002E7EF8 /* Build configuration list for PBXProject "Milstone 19-21" */ = {
			isa = XCConfigurationList;
			buildConfigurations = (
				008FBD50298D7F28002E7EF8 /* Debug */,
				008FBD51298D7F28002E7EF8 /* Release */,
			);
			defaultConfigurationIsVisible = 0;
			defaultConfigurationName = Release;
		};
		008FBD52298D7F28002E7EF8 /* Build configuration list for PBXNativeTarget "Milstone 19-21" */ = {
			isa = XCConfigurationList;
			buildConfigurations = (
				008FBD53298D7F28002E7EF8 /* Debug */,
				008FBD54298D7F28002E7EF8 /* Release */,
			);
			defaultConfigurationIsVisible = 0;
			defaultConfigurationName = Release;
		};
/* End XCConfigurationList section */
	};
	rootObject = 008FBD36298D7F24002E7EF8 /* Project object */;
}
