// !$*UTF8*$!
{
	archiveVersion = 1;
	classes = {
	};
	objectVersion = 56;
	objects = {

/* Begin PBXBuildFile section */
		002675A229880AC700B5D8BC /* AppDelegate.swift in Sources */ = {isa = PBXBuildFile; fileRef = 002675A129880AC700B5D8BC /* AppDelegate.swift */; };
		002675A429880AC700B5D8BC /* GameScene.sks in Resources */ = {isa = PBXBuildFile; fileRef = 002675A329880AC700B5D8BC /* GameScene.sks */; };
		002675A629880AC700B5D8BC /* Actions.sks in Resources */ = {isa = PBXBuildFile; fileRef = 002675A529880AC700B5D8BC /* Actions.sks */; };
		002675A829880AC700B5D8BC /* GameScene.swift in Sources */ = {isa = PBXBuildFile; fileRef = 002675A729880AC700B5D8BC /* GameScene.swift */; };
		002675AA29880AC700B5D8BC /* GameViewController.swift in Sources */ = {isa = PBXBuildFile; fileRef = 002675A929880AC700B5D8BC /* GameViewController.swift */; };
		002675AD29880AC700B5D8BC /* Main.storyboard in Resources */ = {isa = PBXBuildFile; fileRef = 002675AB29880AC700B5D8BC /* Main.storyboard */; };
		002675AF29880AC800B5D8BC /* Assets.xcassets in Resources */ = {isa = PBXBuildFile; fileRef = 002675AE29880AC800B5D8BC /* Assets.xcassets */; };
		002675B229880AC800B5D8BC /* LaunchScreen.storyboard in Resources */ = {isa = PBXBuildFile; fileRef = 002675B029880AC800B5D8BC /* LaunchScreen.storyboard */; };
		002675BA29880B1900B5D8BC /* explode.sks in Resources */ = {isa = PBXBuildFile; fileRef = 002675B829880B1900B5D8BC /* explode.sks */; };
		002675BB29880B1900B5D8BC /* fuse.sks in Resources */ = {isa = PBXBuildFile; fileRef = 002675B929880B1900B5D8BC /* fuse.sks */; };
/* End PBXBuildFile section */

/* Begin PBXFileReference section */
		0026759E29880AC700B5D8BC /* Project20.app */ = {isa = PBXFileReference; explicitFileType = wrapper.application; includeInIndex = 0; path = Project20.app; sourceTree = BUILT_PRODUCTS_DIR; };
		002675A129880AC700B5D8BC /* AppDelegate.swift */ = {isa = PBXFileReference; lastKnownFileType = sourcecode.swift; path = AppDelegate.swift; sourceTree = "<group>"; };
		002675A329880AC700B5D8BC /* GameScene.sks */ = {isa = PBXFileReference; lastKnownFileType = file.sks; path = GameScene.sks; sourceTree = "<group>"; };
		002675A529880AC700B5D8BC /* Actions.sks */ = {isa = PBXFileReference; lastKnownFileType = file.sks; path = Actions.sks; sourceTree = "<group>"; };
		002675A729880AC700B5D8BC /* GameScene.swift */ = {isa = PBXFileReference; lastKnownFileType = sourcecode.swift; path = GameScene.swift; sourceTree = "<group>"; };
		002675A929880AC700B5D8BC /* GameViewController.swift */ = {isa = PBXFileReference; lastKnownFileType = sourcecode.swift; path = GameViewController.swift; sourceTree = "<group>"; };
		002675AC29880AC700B5D8BC /* Base */ = {isa = PBXFileReference; lastKnownFileType = file.storyboard; name = Base; path = Base.lproj/Main.storyboard; sourceTree = "<group>"; };
		002675AE29880AC800B5D8BC /* Assets.xcassets */ = {isa = PBXFileReference; lastKnownFileType = folder.assetcatalog; path = Assets.xcassets; sourceTree = "<group>"; };
		002675B129880AC800B5D8BC /* Base */ = {isa = PBXFileReference; lastKnownFileType = file.storyboard; name = Base; path = Base.lproj/LaunchScreen.storyboard; sourceTree = "<group>"; };
		002675B829880B1900B5D8BC /* explode.sks */ = {isa = PBXFileReference; lastKnownFileType = file.sks; path = explode.sks; sourceTree = "<group>"; };
		002675B929880B1900B5D8BC /* fuse.sks */ = {isa = PBXFileReference; lastKnownFileType = file.sks; path = fuse.sks; sourceTree = "<group>"; };
/* End PBXFileReference section */

/* Begin PBXFrameworksBuildPhase section */
		0026759B29880AC700B5D8BC /* Frameworks */ = {
			isa = PBXFrameworksBuildPhase;
			buildActionMask = 2147483647;
			files = (
			);
			runOnlyForDeploymentPostprocessing = 0;
		};
/* End PBXFrameworksBuildPhase section */

/* Begin PBXGroup section */
		0026759529880AC700B5D8BC = {
			isa = PBXGroup;
			children = (
				002675A029880AC700B5D8BC /* Project20 */,
				0026759F29880AC700B5D8BC /* Products */,
			);
			sourceTree = "<group>";
		};
		0026759F29880AC700B5D8BC /* Products */ = {
			isa = PBXGroup;
			children = (
				0026759E29880AC700B5D8BC /* Project20.app */,
			);
			name = Products;
			sourceTree = "<group>";
		};
		002675A029880AC700B5D8BC /* Project20 */ = {
			isa = PBXGroup;
			children = (
				002675A129880AC700B5D8BC /* AppDelegate.swift */,
				002675A329880AC700B5D8BC /* GameScene.sks */,
				002675A529880AC700B5D8BC /* Actions.sks */,
				002675A729880AC700B5D8BC /* GameScene.swift */,
				002675A929880AC700B5D8BC /* GameViewController.swift */,
				002675AB29880AC700B5D8BC /* Main.storyboard */,
				002675AE29880AC800B5D8BC /* Assets.xcassets */,
				002675B029880AC800B5D8BC /* LaunchScreen.storyboard */,
				002675B829880B1900B5D8BC /* explode.sks */,
				002675B929880B1900B5D8BC /* fuse.sks */,
			);
			path = Project20;
			sourceTree = "<group>";
		};
/* End PBXGroup section */

/* Begin PBXNativeTarget section */
		0026759D29880AC700B5D8BC /* Project20 */ = {
			isa = PBXNativeTarget;
			buildConfigurationList = 002675B529880AC800B5D8BC /* Build configuration list for PBXNativeTarget "Project20" */;
			buildPhases = (
				0026759A29880AC700B5D8BC /* Sources */,
				0026759B29880AC700B5D8BC /* Frameworks */,
				0026759C29880AC700B5D8BC /* Resources */,
			);
			buildRules = (
			);
			dependencies = (
			);
			name = Project20;
			productName = Project20;
			productReference = 0026759E29880AC700B5D8BC /* Project20.app */;
			productType = "com.apple.product-type.application";
		};
/* End PBXNativeTarget section */

/* Begin PBXProject section */
		0026759629880AC700B5D8BC /* Project object */ = {
			isa = PBXProject;
			attributes = {
				BuildIndependentTargetsInParallel = 1;
				LastSwiftUpdateCheck = 1400;
				LastUpgradeCheck = 1400;
				TargetAttributes = {
					0026759D29880AC700B5D8BC = {
						CreatedOnToolsVersion = 14.0.1;
					};
				};
			};
			buildConfigurationList = 0026759929880AC700B5D8BC /* Build configuration list for PBXProject "Project20" */;
			compatibilityVersion = "Xcode 14.0";
			developmentRegion = en;
			hasScannedForEncodings = 0;
			knownRegions = (
				en,
				Base,
			);
			mainGroup = 0026759529880AC700B5D8BC;
			productRefGroup = 0026759F29880AC700B5D8BC /* Products */;
			projectDirPath = "";
			projectRoot = "";
			targets = (
				0026759D29880AC700B5D8BC /* Project20 */,
			);
		};
/* End PBXProject section */

/* Begin PBXResourcesBuildPhase section */
		0026759C29880AC700B5D8BC /* Resources */ = {
			isa = PBXResourcesBuildPhase;
			buildActionMask = 2147483647;
			files = (
				002675AD29880AC700B5D8BC /* Main.storyboard in Resources */,
				002675A429880AC700B5D8BC /* GameScene.sks in Resources */,
				002675AF29880AC800B5D8BC /* Assets.xcassets in Resources */,
				002675B229880AC800B5D8BC /* LaunchScreen.storyboard in Resources */,
				002675A629880AC700B5D8BC /* Actions.sks in Resources */,
				002675BB29880B1900B5D8BC /* fuse.sks in Resources */,
				002675BA29880B1900B5D8BC /* explode.sks in Resources */,
			);
			runOnlyForDeploymentPostprocessing = 0;
		};
/* End PBXResourcesBuildPhase section */

/* Begin PBXSourcesBuildPhase section */
		0026759A29880AC700B5D8BC /* Sources */ = {
			isa = PBXSourcesBuildPhase;
			buildActionMask = 2147483647;
			files = (
				002675A829880AC700B5D8BC /* GameScene.swift in Sources */,
				002675AA29880AC700B5D8BC /* GameViewController.swift in Sources */,
				002675A229880AC700B5D8BC /* AppDelegate.swift in Sources */,
			);
			runOnlyForDeploymentPostprocessing = 0;
		};
/* End PBXSourcesBuildPhase section */

/* Begin PBXVariantGroup section */
		002675AB29880AC700B5D8BC /* Main.storyboard */ = {
			isa = PBXVariantGroup;
			children = (
				002675AC29880AC700B5D8BC /* Base */,
			);
			name = Main.storyboard;
			sourceTree = "<group>";
		};
		002675B029880AC800B5D8BC /* LaunchScreen.storyboard */ = {
			isa = PBXVariantGroup;
			children = (
				002675B129880AC800B5D8BC /* Base */,
			);
			name = LaunchScreen.storyboard;
			sourceTree = "<group>";
		};
/* End PBXVariantGroup section */

/* Begin XCBuildConfiguration section */
		002675B329880AC800B5D8BC /* Debug */ = {
			isa = XCBuildConfiguration;
			buildSettings = {
				ALWAYS_SEARCH_USER_PATHS = NO;
				CLANG_ANALYZER_NONNULL = YES;
				CLANG_ANALYZER_NUMBER_OBJECT_CONVERSION = YES_AGGRESSIVE;
				CLANG_CXX_LANGUAGE_STANDARD = "gnu++20";
				CLANG_ENABLE_MODULES = YES;
				CLANG_ENABLE_OBJC_ARC = YES;
				CLANG_ENABLE_OBJC_WEAK = YES;
				CLANG_WARN_BLOCK_CAPTURE_AUTORELEASING = YES;
				CLANG_WARN_BOOL_CONVERSION = YES;
				CLANG_WARN_COMMA = YES;
				CLANG_WARN_CONSTANT_CONVERSION = YES;
				CLANG_WARN_DEPRECATED_OBJC_IMPLEMENTATIONS = YES;
				CLANG_WARN_DIRECT_OBJC_ISA_USAGE = YES_ERROR;
				CLANG_WARN_DOCUMENTATION_COMMENTS = YES;
				CLANG_WARN_EMPTY_BODY = YES;
				CLANG_WARN_ENUM_CONVERSION = YES;
				CLANG_WARN_INFINITE_RECURSION = YES;
				CLANG_WARN_INT_CONVERSION = YES;
				CLANG_WARN_NON_LITERAL_NULL_CONVERSION = YES;
				CLANG_WARN_OBJC_IMPLICIT_RETAIN_SELF = YES;
				CLANG_WARN_OBJC_LITERAL_CONVERSION = YES;
				CLANG_WARN_OBJC_ROOT_CLASS = YES_ERROR;
				CLANG_WARN_QUOTED_INCLUDE_IN_FRAMEWORK_HEADER = YES;
				CLANG_WARN_RANGE_LOOP_ANALYSIS = YES;
				CLANG_WARN_STRICT_PROTOTYPES = YES;
				CLANG_WARN_SUSPICIOUS_MOVE = YES;
				CLANG_WARN_UNGUARDED_AVAILABILITY = YES_AGGRESSIVE;
				CLANG_WARN_UNREACHABLE_CODE = YES;
				CLANG_WARN__DUPLICATE_METHOD_MATCH = YES;
				COPY_PHASE_STRIP = NO;
				DEBUG_INFORMATION_FORMAT = dwarf;
				ENABLE_STRICT_OBJC_MSGSEND = YES;
				ENABLE_TESTABILITY = YES;
				GCC_C_LANGUAGE_STANDARD = gnu11;
				GCC_DYNAMIC_NO_PIC = NO;
				GCC_NO_COMMON_BLOCKS = YES;
				GCC_OPTIMIZATION_LEVEL = 0;
				GCC_PREPROCESSOR_DEFINITIONS = (
					"DEBUG=1",
					"$(inherited)",
				);
				GCC_WARN_64_TO_32_BIT_CONVERSION = YES;
				GCC_WARN_ABOUT_RETURN_TYPE = YES_ERROR;
				GCC_WARN_UNDECLARED_SELECTOR = YES;
				GCC_WARN_UNINITIALIZED_AUTOS = YES_AGGRESSIVE;
				GCC_WARN_UNUSED_FUNCTION = YES;
				GCC_WARN_UNUSED_VARIABLE = YES;
				IPHONEOS_DEPLOYMENT_TARGET = 16.0;
				MTL_ENABLE_DEBUG_INFO = INCLUDE_SOURCE;
				MTL_FAST_MATH = YES;
				ONLY_ACTIVE_ARCH = YES;
				SDKROOT = iphoneos;
				SWIFT_ACTIVE_COMPILATION_CONDITIONS = DEBUG;
				SWIFT_OPTIMIZATION_LEVEL = "-Onone";
			};
			name = Debug;
		};
		002675B429880AC800B5D8BC /* Release */ = {
			isa = XCBuildConfiguration;
			buildSettings = {
				ALWAYS_SEARCH_USER_PATHS = NO;
				CLANG_ANALYZER_NONNULL = YES;
				CLANG_ANALYZER_NUMBER_OBJECT_CONVERSION = YES_AGGRESSIVE;
				CLANG_CXX_LANGUAGE_STANDARD = "gnu++20";
				CLANG_ENABLE_MODULES = YES;
				CLANG_ENABLE_OBJC_ARC = YES;
				CLANG_ENABLE_OBJC_WEAK = YES;
				CLANG_WARN_BLOCK_CAPTURE_AUTORELEASING = YES;
				CLANG_WARN_BOOL_CONVERSION = YES;
				CLANG_WARN_COMMA = YES;
				CLANG_WARN_CONSTANT_CONVERSION = YES;
				CLANG_WARN_DEPRECATED_OBJC_IMPLEMENTATIONS = YES;
				CLANG_WARN_DIRECT_OBJC_ISA_USAGE = YES_ERROR;
				CLANG_WARN_DOCUMENTATION_COMMENTS = YES;
				CLANG_WARN_EMPTY_BODY = YES;
				CLANG_WARN_ENUM_CONVERSION = YES;
				CLANG_WARN_INFINITE_RECURSION = YES;
				CLANG_WARN_INT_CONVERSION = YES;
				CLANG_WARN_NON_LITERAL_NULL_CONVERSION = YES;
				CLANG_WARN_OBJC_IMPLICIT_RETAIN_SELF = YES;
				CLANG_WARN_OBJC_LITERAL_CONVERSION = YES;
				CLANG_WARN_OBJC_ROOT_CLASS = YES_ERROR;
				CLANG_WARN_QUOTED_INCLUDE_IN_FRAMEWORK_HEADER = YES;
				CLANG_WARN_RANGE_LOOP_ANALYSIS = YES;
				CLANG_WARN_STRICT_PROTOTYPES = YES;
				CLANG_WARN_SUSPICIOUS_MOVE = YES;
				CLANG_WARN_UNGUARDED_AVAILABILITY = YES_AGGRESSIVE;
				CLANG_WARN_UNREACHABLE_CODE = YES;
				CLANG_WARN__DUPLICATE_METHOD_MATCH = YES;
				COPY_PHASE_STRIP = NO;
				DEBUG_INFORMATION_FORMAT = "dwarf-with-dsym";
				ENABLE_NS_ASSERTIONS = NO;
				ENABLE_STRICT_OBJC_MSGSEND = YES;
				GCC_C_LANGUAGE_STANDARD = gnu11;
				GCC_NO_COMMON_BLOCKS = YES;
				GCC_WARN_64_TO_32_BIT_CONVERSION = YES;
				GCC_WARN_ABOUT_RETURN_TYPE = YES_ERROR;
				GCC_WARN_UNDECLARED_SELECTOR = YES;
				GCC_WARN_UNINITIALIZED_AUTOS = YES_AGGRESSIVE;
				GCC_WARN_UNUSED_FUNCTION = YES;
				GCC_WARN_UNUSED_VARIABLE = YES;
				IPHONEOS_DEPLOYMENT_TARGET = 16.0;
				MTL_ENABLE_DEBUG_INFO = NO;
				MTL_FAST_MATH = YES;
				SDKROOT = iphoneos;
				SWIFT_COMPILATION_MODE = wholemodule;
				SWIFT_OPTIMIZATION_LEVEL = "-O";
				VALIDATE_PRODUCT = YES;
			};
			name = Release;
		};
		002675B629880AC800B5D8BC /* Debug */ = {
			isa = XCBuildConfiguration;
			buildSettings = {
				ASSETCATALOG_COMPILER_APPICON_NAME = AppIcon;
				ASSETCATALOG_COMPILER_GLOBAL_ACCENT_COLOR_NAME = AccentColor;
				CODE_SIGN_STYLE = Automatic;
				CURRENT_PROJECT_VERSION = 1;
				DEVELOPMENT_TEAM = UA875CDAK7;
				GENERATE_INFOPLIST_FILE = YES;
				INFOPLIST_KEY_UIApplicationSupportsIndirectInputEvents = YES;
				INFOPLIST_KEY_UILaunchStoryboardName = LaunchScreen;
				INFOPLIST_KEY_UIMainStoryboardFile = Main;
				INFOPLIST_KEY_UIStatusBarHidden = YES;
				INFOPLIST_KEY_UISupportedInterfaceOrientations_iPad = "UIInterfaceOrientationPortrait UIInterfaceOrientationPortraitUpsideDown UIInterfaceOrientationLandscapeLeft UIInterfaceOrientationLandscapeRight";
				INFOPLIST_KEY_UISupportedInterfaceOrientations_iPhone = "UIInterfaceOrientationPortrait UIInterfaceOrientationLandscapeLeft UIInterfaceOrientationLandscapeRight";
				LD_RUNPATH_SEARCH_PATHS = (
					"$(inherited)",
					"@executable_path/Frameworks",
				);
				MARKETING_VERSION = 1.0;
				PRODUCT_BUNDLE_IDENTIFIER = com.emrebkr.Project20;
				PRODUCT_NAME = "$(TARGET_NAME)";
				SWIFT_EMIT_LOC_STRINGS = YES;
				SWIFT_VERSION = 5.0;
				TARGETED_DEVICE_FAMILY = "1,2";
			};
			name = Debug;
		};
		002675B729880AC800B5D8BC /* Release */ = {
			isa = XCBuildConfiguration;
			buildSettings = {
				ASSETCATALOG_COMPILER_APPICON_NAME = AppIcon;
				ASSETCATALOG_COMPILER_GLOBAL_ACCENT_COLOR_NAME = AccentColor;
				CODE_SIGN_STYLE = Automatic;
				CURRENT_PROJECT_VERSION = 1;
				DEVELOPMENT_TEAM = UA875CDAK7;
				GENERATE_INFOPLIST_FILE = YES;
				INFOPLIST_KEY_UIApplicationSupportsIndirectInputEvents = YES;
				INFOPLIST_KEY_UILaunchStoryboardName = LaunchScreen;
				INFOPLIST_KEY_UIMainStoryboardFile = Main;
				INFOPLIST_KEY_UIStatusBarHidden = YES;
				INFOPLIST_KEY_UISupportedInterfaceOrientations_iPad = "UIInterfaceOrientationPortrait UIInterfaceOrientationPortraitUpsideDown UIInterfaceOrientationLandscapeLeft UIInterfaceOrientationLandscapeRight";
				INFOPLIST_KEY_UISupportedInterfaceOrientations_iPhone = "UIInterfaceOrientationPortrait UIInterfaceOrientationLandscapeLeft UIInterfaceOrientationLandscapeRight";
				LD_RUNPATH_SEARCH_PATHS = (
					"$(inherited)",
					"@executable_path/Frameworks",
				);
				MARKETING_VERSION = 1.0;
				PRODUCT_BUNDLE_IDENTIFIER = com.emrebkr.Project20;
				PRODUCT_NAME = "$(TARGET_NAME)";
				SWIFT_EMIT_LOC_STRINGS = YES;
				SWIFT_VERSION = 5.0;
				TARGETED_DEVICE_FAMILY = "1,2";
			};
			name = Release;
		};
/* End XCBuildConfiguration section */

/* Begin XCConfigurationList section */
		0026759929880AC700B5D8BC /* Build configuration list for PBXProject "Project20" */ = {
			isa = XCConfigurationList;
			buildConfigurations = (
				002675B329880AC800B5D8BC /* Debug */,
				002675B429880AC800B5D8BC /* Release */,
			);
			defaultConfigurationIsVisible = 0;
			defaultConfigurationName = Release;
		};
		002675B529880AC800B5D8BC /* Build configuration list for PBXNativeTarget "Project20" */ = {
			isa = XCConfigurationList;
			buildConfigurations = (
				002675B629880AC800B5D8BC /* Debug */,
				002675B729880AC800B5D8BC /* Release */,
			);
			defaultConfigurationIsVisible = 0;
			defaultConfigurationName = Release;
		};
/* End XCConfigurationList section */
	};
	rootObject = 0026759629880AC700B5D8BC /* Project object */;
}
